<?xml version="1.0" encoding="utf-8"?>
<Project ToolsVersion="4.0" xmlns="http://schemas.microsoft.com/developer/msbuild/2003">
  <ItemGroup>
    <ClCompile Include="Apostle\Core\EventSystem\EventBase.cpp" />
    <ClCompile Include="Apostle\Core\EventSystem\EventDispatcher.cpp" />
    <ClCompile Include="Apostle\Core\EventSystem\KeyboardEvents.cpp" />
    <ClCompile Include="Apostle\Core\EventSystem\MouseEvent.cpp" />
    <ClCompile Include="Apostle\Core\EventSystem\SystemEvent.cpp" />
    <ClCompile Include="Apostle\Core\GLFWWindow\GLFWWindow.cpp" />
    <ClCompile Include="Apostle\Core\Input.cpp" />
    <ClCompile Include="Apostle\Core\LayerSystem\DebugLayer.cpp" />
    <ClCompile Include="Apostle\Core\LayerSystem\InputLayer.cpp" />
    <ClCompile Include="Apostle\Core\LayerSystem\LayerStack.cpp" />
    <ClCompile Include="Apostle\Core\Vector2D.cpp" />
    <ClCompile Include="Apostle\Core\Vector3D.cpp" />
    <ClCompile Include="Apostle\Core\Windowing\WindowBase.cpp" />
    <ClCompile Include="main.cpp" />
    <ClCompile Include="Apostle\Core\LinearAlgebra.cpp" />
  </ItemGroup>
  <ItemGroup>
    <ClInclude Include="Apostle\Core\Apostle.h" />
    <ClInclude Include="Apostle\Core\ApostleCore.h" />
    <ClInclude Include="Apostle\Core\EventSystem\EventBase.h" />
    <ClInclude Include="Apostle\Core\EventSystem\EventDispatcher.h" />
    <ClInclude Include="Apostle\Core\Input.h" />
    <ClInclude Include="Apostle\Core\EventSystem\KeyboardEvents.h" />
    <ClInclude Include="Apostle\Core\EventSystem\MouseEvent.h" />
    <ClInclude Include="Apostle\Core\EventSystem\SystemEvent.h" />
    <ClInclude Include="Apostle\Core\GLFWWindow\GLFWWindow.h" />
    <ClInclude Include="Apostle\Core\Vector2D.h" />
    <ClInclude Include="Apostle\Core\Vector3D.h" />
    <ClInclude Include="Apostle\Core\InputDefs.h" />
    <ClInclude Include="Apostle\Core\LayerSystem\DebugLayer.h" />
    <ClInclude Include="Apostle\Core\LayerSystem\InputLayer.h" />
    <ClInclude Include="Apostle\Core\LayerSystem\LayerBase.h" />
    <ClInclude Include="Apostle\Core\LayerSystem\LayerStack.h" />
    <ClInclude Include="Apostle\Core\Windowing\WindowBase.h" />
    <ClInclude Include="Apostle\Core\LinearAlgebra.h" />
  </ItemGroup>
  <ItemGroup>
    <None Include="Shaders\Fragment.frag" />
    <None Include="Shaders\ShaderCompile.bat" />
    <None Include="Shaders\Vertex.vert" />
  </ItemGroup>
</Project>